
Microsoft Visual Studio Solution File, Format Version 10.00
# Visual Studio 2008
Project("{8BC9CEB8-8B4A-11D0-8D11-00A0C91BC942}") = "ts_server", "ts_server\ts_server.vcproj", "{187B39A0-3A3D-4760-A963-0FE7812E2123}"
EndProject
Global
	GlobalSection(SolutionConfigurationPlatforms) = preSolution
		Debug|Win32 = Debug|Win32
		Release|Win32 = Release|Win32
	EndGlobalSection
	GlobalSection(ProjectConfigurationPlatforms) = postSolution
		{187B39A0-3A3D-4760-A963-0FE7812E2123}.Debug|Win32.ActiveCfg = Debug|Win32
		{187B39A0-3A3D-4760-A963-0FE7812E2123}.Debug|Win32.Build.0 = Debug|Win32
		{187B39A0-3A3D-4760-A963-0FE7812E2123}.Release|Win32.ActiveCfg = Release|Win32
		{187B39A0-3A3D-4760-A963-0FE7812E2123}.Release|Win32.Build.0 = Release|Win32
	EndGlobalSection
	GlobalSection(SolutionProperties) = preSolution
		HideSolutionNode = FALSE
	EndGlobalSection
EndGlobal
