
Microsoft Visual Studio Solution File, Format Version 10.00
# Visual Studio 2008
Project("{8BC9CEB8-8B4A-11D0-8D11-00A0C91BC942}") = "Practice_Server", "Practice_Server\Practice_Server.vcproj", "{248149DC-2D60-4E88-BE4B-A70D25E422B4}"
EndProject
Global
	GlobalSection(SolutionConfigurationPlatforms) = preSolution
		Debug|Win32 = Debug|Win32
		Release|Win32 = Release|Win32
	EndGlobalSection
	GlobalSection(ProjectConfigurationPlatforms) = postSolution
		{248149DC-2D60-4E88-BE4B-A70D25E422B4}.Debug|Win32.ActiveCfg = Debug|Win32
		{248149DC-2D60-4E88-BE4B-A70D25E422B4}.Debug|Win32.Build.0 = Debug|Win32
		{248149DC-2D60-4E88-BE4B-A70D25E422B4}.Release|Win32.ActiveCfg = Release|Win32
		{248149DC-2D60-4E88-BE4B-A70D25E422B4}.Release|Win32.Build.0 = Release|Win32
	EndGlobalSection
	GlobalSection(SolutionProperties) = preSolution
		HideSolutionNode = FALSE
	EndGlobalSection
EndGlobal
